
Microsoft Visual Studio Solution File, Format Version 12.00
# Visual Studio Version 17
VisualStudioVersion = 17.0.31808.319
MinimumVisualStudioVersion = 10.0.40219.1
Project("{9A19103F-16F7-4668-BE54-9A1E7A4F7556}") = "Stormancer.Dtls", "Stormancer.Dtls\Stormancer.Dtls.csproj", "{13A444E4-443A-4C2A-80C3-ABBE9DF253F7}"
EndProject
Project("{9A19103F-16F7-4668-BE54-9A1E7A4F7556}") = "Stormancer.Dtls.Sample", "Stormancer.Dtls.Sample\Stormancer.Dtls.Sample.csproj", "{F82066F6-74B0-4D39-8BFF-AE7A9C97BFBF}"
EndProject
Global
	GlobalSection(SolutionConfigurationPlatforms) = preSolution
		Debug|Any CPU = Debug|Any CPU
		Debug|x64 = Debug|x64
		Debug|x86 = Debug|x86
		Release|Any CPU = Release|Any CPU
		Release|x64 = Release|x64
		Release|x86 = Release|x86
	EndGlobalSection
	GlobalSection(ProjectConfigurationPlatforms) = postSolution
		{13A444E4-443A-4C2A-80C3-ABBE9DF253F7}.Debug|Any CPU.ActiveCfg = Debug|Any CPU
		{13A444E4-443A-4C2A-80C3-ABBE9DF253F7}.Debug|Any CPU.Build.0 = Debug|Any CPU
		{13A444E4-443A-4C2A-80C3-ABBE9DF253F7}.Debug|x64.ActiveCfg = Debug|Any CPU
		{13A444E4-443A-4C2A-80C3-ABBE9DF253F7}.Debug|x64.Build.0 = Debug|Any CPU
		{13A444E4-443A-4C2A-80C3-ABBE9DF253F7}.Debug|x86.ActiveCfg = Debug|Any CPU
		{13A444E4-443A-4C2A-80C3-ABBE9DF253F7}.Debug|x86.Build.0 = Debug|Any CPU
		{13A444E4-443A-4C2A-80C3-ABBE9DF253F7}.Release|Any CPU.ActiveCfg = Release|Any CPU
		{13A444E4-443A-4C2A-80C3-ABBE9DF253F7}.Release|Any CPU.Build.0 = Release|Any CPU
		{13A444E4-443A-4C2A-80C3-ABBE9DF253F7}.Release|x64.ActiveCfg = Release|Any CPU
		{13A444E4-443A-4C2A-80C3-ABBE9DF253F7}.Release|x64.Build.0 = Release|Any CPU
		{13A444E4-443A-4C2A-80C3-ABBE9DF253F7}.Release|x86.ActiveCfg = Release|Any CPU
		{13A444E4-443A-4C2A-80C3-ABBE9DF253F7}.Release|x86.Build.0 = Release|Any CPU
		{F82066F6-74B0-4D39-8BFF-AE7A9C97BFBF}.Debug|Any CPU.ActiveCfg = Debug|Any CPU
		{F82066F6-74B0-4D39-8BFF-AE7A9C97BFBF}.Debug|Any CPU.Build.0 = Debug|Any CPU
		{F82066F6-74B0-4D39-8BFF-AE7A9C97BFBF}.Debug|x64.ActiveCfg = Debug|Any CPU
		{F82066F6-74B0-4D39-8BFF-AE7A9C97BFBF}.Debug|x64.Build.0 = Debug|Any CPU
		{F82066F6-74B0-4D39-8BFF-AE7A9C97BFBF}.Debug|x86.ActiveCfg = Debug|Any CPU
		{F82066F6-74B0-4D39-8BFF-AE7A9C97BFBF}.Debug|x86.Build.0 = Debug|Any CPU
		{F82066F6-74B0-4D39-8BFF-AE7A9C97BFBF}.Release|Any CPU.ActiveCfg = Release|Any CPU
		{F82066F6-74B0-4D39-8BFF-AE7A9C97BFBF}.Release|Any CPU.Build.0 = Release|Any CPU
		{F82066F6-74B0-4D39-8BFF-AE7A9C97BFBF}.Release|x64.ActiveCfg = Release|Any CPU
		{F82066F6-74B0-4D39-8BFF-AE7A9C97BFBF}.Release|x64.Build.0 = Release|Any CPU
		{F82066F6-74B0-4D39-8BFF-AE7A9C97BFBF}.Release|x86.ActiveCfg = Release|Any CPU
		{F82066F6-74B0-4D39-8BFF-AE7A9C97BFBF}.Release|x86.Build.0 = Release|Any CPU
	EndGlobalSection
	GlobalSection(SolutionProperties) = preSolution
		HideSolutionNode = FALSE
	EndGlobalSection
	GlobalSection(ExtensibilityGlobals) = postSolution
		SolutionGuid = {B323CCF4-344D-42E6-8065-73E15A6FBB17}
	EndGlobalSection
EndGlobal
